
Microsoft Visual Studio Solution File, Format Version 12.00
# Visual Studio 15
VisualStudioVersion = 15.0.28307.102
MinimumVisualStudioVersion = 10.0.40219.1
Project("{FAE04EC0-301F-11D3-BF4B-00C04F79EFBC}") = "Kursova", "Kursova\Kursova.csproj", "{24D5241D-69B2-4155-8EAE-5D34E1F6BB74}"
EndProject
Global
	GlobalSection(SolutionConfigurationPlatforms) = preSolution
		Debug|Any CPU = Debug|Any CPU
		Release|Any CPU = Release|Any CPU
	EndGlobalSection
	GlobalSection(ProjectConfigurationPlatforms) = postSolution
		{24D5241D-69B2-4155-8EAE-5D34E1F6BB74}.Debug|Any CPU.ActiveCfg = Debug|Any CPU
		{24D5241D-69B2-4155-8EAE-5D34E1F6BB74}.Debug|Any CPU.Build.0 = Debug|Any CPU
		{24D5241D-69B2-4155-8EAE-5D34E1F6BB74}.Release|Any CPU.ActiveCfg = Release|Any CPU
		{24D5241D-69B2-4155-8EAE-5D34E1F6BB74}.Release|Any CPU.Build.0 = Release|Any CPU
	EndGlobalSection
	GlobalSection(SolutionProperties) = preSolution
		HideSolutionNode = FALSE
	EndGlobalSection
	GlobalSection(ExtensibilityGlobals) = postSolution
		SolutionGuid = {FFB214C3-F0A9-4354-9B4B-316BBE8942BE}
	EndGlobalSection
EndGlobal
